
Microsoft Visual Studio Solution File, Format Version 12.00
# Visual Studio Version 17
VisualStudioVersion = 17.0.31903.59
MinimumVisualStudioVersion = 10.0.40219.1
Project("{2150E333-8FDC-42A3-9474-1A3956D46DE8}") = "backend", "backend", "{1AE8ACA6-933B-BF2A-3671-3E2EAC007D16}"
EndProject
Project("{FAE04EC0-301F-11D3-BF4B-00C04F79EFBC}") = "API", "backend\API\API.csproj", "{16BB7216-2F3A-4C17-AACC-319CE3F70126}"
EndProject
Project("{FAE04EC0-301F-11D3-BF4B-00C04F79EFBC}") = "Domain", "backend\Domain\Domain.csproj", "{1197BC25-C7B8-46FD-8828-7023E4197C49}"
EndProject
Project("{FAE04EC0-301F-11D3-BF4B-00C04F79EFBC}") = "Application", "backend\Application\Application.csproj", "{91DFD316-03EC-4544-A09C-784911AA0165}"
EndProject
Project("{FAE04EC0-301F-11D3-BF4B-00C04F79EFBC}") = "Infrastructure", "backend\Infrastructure\Infrastructure.csproj", "{2B4913CF-3791-44E7-A1CE-0D266662DEE2}"
EndProject
Global
	GlobalSection(SolutionConfigurationPlatforms) = preSolution
		Debug|Any CPU = Debug|Any CPU
		Debug|x64 = Debug|x64
		Debug|x86 = Debug|x86
		Release|Any CPU = Release|Any CPU
		Release|x64 = Release|x64
		Release|x86 = Release|x86
	EndGlobalSection
	GlobalSection(ProjectConfigurationPlatforms) = postSolution
		{16BB7216-2F3A-4C17-AACC-319CE3F70126}.Debug|Any CPU.ActiveCfg = Debug|Any CPU
		{16BB7216-2F3A-4C17-AACC-319CE3F70126}.Debug|Any CPU.Build.0 = Debug|Any CPU
		{16BB7216-2F3A-4C17-AACC-319CE3F70126}.Debug|x64.ActiveCfg = Debug|Any CPU
		{16BB7216-2F3A-4C17-AACC-319CE3F70126}.Debug|x64.Build.0 = Debug|Any CPU
		{16BB7216-2F3A-4C17-AACC-319CE3F70126}.Debug|x86.ActiveCfg = Debug|Any CPU
		{16BB7216-2F3A-4C17-AACC-319CE3F70126}.Debug|x86.Build.0 = Debug|Any CPU
		{16BB7216-2F3A-4C17-AACC-319CE3F70126}.Release|Any CPU.ActiveCfg = Release|Any CPU
		{16BB7216-2F3A-4C17-AACC-319CE3F70126}.Release|Any CPU.Build.0 = Release|Any CPU
		{16BB7216-2F3A-4C17-AACC-319CE3F70126}.Release|x64.ActiveCfg = Release|Any CPU
		{16BB7216-2F3A-4C17-AACC-319CE3F70126}.Release|x64.Build.0 = Release|Any CPU
		{16BB7216-2F3A-4C17-AACC-319CE3F70126}.Release|x86.ActiveCfg = Release|Any CPU
		{16BB7216-2F3A-4C17-AACC-319CE3F70126}.Release|x86.Build.0 = Release|Any CPU
		{1197BC25-C7B8-46FD-8828-7023E4197C49}.Debug|Any CPU.ActiveCfg = Debug|Any CPU
		{1197BC25-C7B8-46FD-8828-7023E4197C49}.Debug|Any CPU.Build.0 = Debug|Any CPU
		{1197BC25-C7B8-46FD-8828-7023E4197C49}.Debug|x64.ActiveCfg = Debug|Any CPU
		{1197BC25-C7B8-46FD-8828-7023E4197C49}.Debug|x64.Build.0 = Debug|Any CPU
		{1197BC25-C7B8-46FD-8828-7023E4197C49}.Debug|x86.ActiveCfg = Debug|Any CPU
		{1197BC25-C7B8-46FD-8828-7023E4197C49}.Debug|x86.Build.0 = Debug|Any CPU
		{1197BC25-C7B8-46FD-8828-7023E4197C49}.Release|Any CPU.ActiveCfg = Release|Any CPU
		{1197BC25-C7B8-46FD-8828-7023E4197C49}.Release|Any CPU.Build.0 = Release|Any CPU
		{1197BC25-C7B8-46FD-8828-7023E4197C49}.Release|x64.ActiveCfg = Release|Any CPU
		{1197BC25-C7B8-46FD-8828-7023E4197C49}.Release|x64.Build.0 = Release|Any CPU
		{1197BC25-C7B8-46FD-8828-7023E4197C49}.Release|x86.ActiveCfg = Release|Any CPU
		{1197BC25-C7B8-46FD-8828-7023E4197C49}.Release|x86.Build.0 = Release|Any CPU
		{91DFD316-03EC-4544-A09C-784911AA0165}.Debug|Any CPU.ActiveCfg = Debug|Any CPU
		{91DFD316-03EC-4544-A09C-784911AA0165}.Debug|Any CPU.Build.0 = Debug|Any CPU
		{91DFD316-03EC-4544-A09C-784911AA0165}.Debug|x64.ActiveCfg = Debug|Any CPU
		{91DFD316-03EC-4544-A09C-784911AA0165}.Debug|x64.Build.0 = Debug|Any CPU
		{91DFD316-03EC-4544-A09C-784911AA0165}.Debug|x86.ActiveCfg = Debug|Any CPU
		{91DFD316-03EC-4544-A09C-784911AA0165}.Debug|x86.Build.0 = Debug|Any CPU
		{91DFD316-03EC-4544-A09C-784911AA0165}.Release|Any CPU.ActiveCfg = Release|Any CPU
		{91DFD316-03EC-4544-A09C-784911AA0165}.Release|Any CPU.Build.0 = Release|Any CPU
		{91DFD316-03EC-4544-A09C-784911AA0165}.Release|x64.ActiveCfg = Release|Any CPU
		{91DFD316-03EC-4544-A09C-784911AA0165}.Release|x64.Build.0 = Release|Any CPU
		{91DFD316-03EC-4544-A09C-784911AA0165}.Release|x86.ActiveCfg = Release|Any CPU
		{91DFD316-03EC-4544-A09C-784911AA0165}.Release|x86.Build.0 = Release|Any CPU
		{2B4913CF-3791-44E7-A1CE-0D266662DEE2}.Debug|Any CPU.ActiveCfg = Debug|Any CPU
		{2B4913CF-3791-44E7-A1CE-0D266662DEE2}.Debug|Any CPU.Build.0 = Debug|Any CPU
		{2B4913CF-3791-44E7-A1CE-0D266662DEE2}.Debug|x64.ActiveCfg = Debug|Any CPU
		{2B4913CF-3791-44E7-A1CE-0D266662DEE2}.Debug|x64.Build.0 = Debug|Any CPU
		{2B4913CF-3791-44E7-A1CE-0D266662DEE2}.Debug|x86.ActiveCfg = Debug|Any CPU
		{2B4913CF-3791-44E7-A1CE-0D266662DEE2}.Debug|x86.Build.0 = Debug|Any CPU
		{2B4913CF-3791-44E7-A1CE-0D266662DEE2}.Release|Any CPU.ActiveCfg = Release|Any CPU
		{2B4913CF-3791-44E7-A1CE-0D266662DEE2}.Release|Any CPU.Build.0 = Release|Any CPU
		{2B4913CF-3791-44E7-A1CE-0D266662DEE2}.Release|x64.ActiveCfg = Release|Any CPU
		{2B4913CF-3791-44E7-A1CE-0D266662DEE2}.Release|x64.Build.0 = Release|Any CPU
		{2B4913CF-3791-44E7-A1CE-0D266662DEE2}.Release|x86.ActiveCfg = Release|Any CPU
		{2B4913CF-3791-44E7-A1CE-0D266662DEE2}.Release|x86.Build.0 = Release|Any CPU
	EndGlobalSection
	GlobalSection(SolutionProperties) = preSolution
		HideSolutionNode = FALSE
	EndGlobalSection
	GlobalSection(NestedProjects) = preSolution
		{16BB7216-2F3A-4C17-AACC-319CE3F70126} = {1AE8ACA6-933B-BF2A-3671-3E2EAC007D16}
		{1197BC25-C7B8-46FD-8828-7023E4197C49} = {1AE8ACA6-933B-BF2A-3671-3E2EAC007D16}
		{91DFD316-03EC-4544-A09C-784911AA0165} = {1AE8ACA6-933B-BF2A-3671-3E2EAC007D16}
		{2B4913CF-3791-44E7-A1CE-0D266662DEE2} = {1AE8ACA6-933B-BF2A-3671-3E2EAC007D16}
	EndGlobalSection
EndGlobal
